lockfileVersion: '6.0'

settings:
  autoInstallPeers: true
  excludeLinksFromLockfile: false

devDependencies:
  turbo:
    specifier: ^2.1.3
    version: 2.3.1

packages:

  /turbo-darwin-64@2.3.1:
    resolution: {integrity: sha512-tjHfjW/Gs8Q9IO+9gPdIsSStZ8I09QYDRT/SyhFTPLnc7O2ZlxHPBVFfjUkHUjanHNYO8CpRGt+zdp1PaMCruw==}
    cpu: [x64]
    os: [darwin]
    requiresBuild: true
    dev: true
    optional: true

  /turbo-darwin-arm64@2.3.1:
    resolution: {integrity: sha512-At1WStnxCfrBQ4M2g6ynre8WsusGwA11okhVolBxyFUemYozDTtbZwelr+IqNggjT251vviokxOkcFzzogbiFw==}
    cpu: [arm64]
    os: [darwin]
    requiresBuild: true
    dev: true
    optional: true

  /turbo-linux-64@2.3.1:
    resolution: {integrity: sha512-COwEev7s9fsxLM2eoRCyRLPj+BXvZjFIS+GxzdAubYhoSoZit8B8QGKczyDl6448xhuFEWKrpHhcR9aBuwB4ag==}
    cpu: [x64]
    os: [linux]
    requiresBuild: true
    dev: true
    optional: true

  /turbo-linux-arm64@2.3.1:
    resolution: {integrity: sha512-AP0uE15Rhxza2Jl+Q3gxdXRA92IIeFAYaufz6CMcZuGy9yZsBlLt9w6T47H6g7XQPzWuw8pzfjM1omcTKkkDpQ==}
    cpu: [arm64]
    os: [linux]
    requiresBuild: true
    dev: true
    optional: true

  /turbo-windows-64@2.3.1:
    resolution: {integrity: sha512-HDSneq0dNZYZch74c2eygq+OiJE/JYDs7OsGM0yRYVj336383xkUnxz6W2I7qiyMCQXzp4UVUDZXvZhUYcX3BA==}
    cpu: [x64]
    os: [win32]
    requiresBuild: true
    dev: true
    optional: true

  /turbo-windows-arm64@2.3.1:
    resolution: {integrity: sha512-7/2/sJZiquwoT/jWBCfV0qKq4NarsJPmDRjMcR9dDMIwCYsGM8ljomkDRTCtkNeFcUvYw54MiRWHehWgbcRPsw==}
    cpu: [arm64]
    os: [win32]
    requiresBuild: true
    dev: true
    optional: true

  /turbo@2.3.1:
    resolution: {integrity: sha512-vHZe/e6k1HZVKiMQPQ1BWFn53vjVQDFKdkjUq/pBKlRWi1gw9LQO6ntH4qZCcHY1rH6TXgsRmexXdgWl96YvVQ==}
    hasBin: true
    optionalDependencies:
      turbo-darwin-64: 2.3.1
      turbo-darwin-arm64: 2.3.1
      turbo-linux-64: 2.3.1
      turbo-linux-arm64: 2.3.1
      turbo-windows-64: 2.3.1
      turbo-windows-arm64: 2.3.1
    dev: true
